
Microsoft Visual Studio Solution File, Format Version 12.00
# Visual Studio 15
Project("{FAE04EC0-301F-11D3-BF4B-00C04F79EFBC}") = "AutoGrap2D", "Assembly-CSharp-firstpass.csproj", "{BD345AC6-F1DF-3D77-C2A1-61DCBDA99803}"
EndProject
Project("{FAE04EC0-301F-11D3-BF4B-00C04F79EFBC}") = "AutoGrap2D", "Assembly-CSharp.csproj", "{FAB8DF71-C0D8-1592-333A-071A3C1ED1C8}"
EndProject
Project("{FAE04EC0-301F-11D3-BF4B-00C04F79EFBC}") = "AutoGrap2D", "Assembly-CSharp-Editor-firstpass.csproj", "{A18BE662-3B10-45CF-52EE-9940BEC6F62F}"
EndProject
Project("{FAE04EC0-301F-11D3-BF4B-00C04F79EFBC}") = "AutoGrap2D", "Assembly-CSharp-Editor.csproj", "{CA9715B1-124E-4B3A-6C3B-8EC3258D4C1E}"
EndProject
Global
	GlobalSection(SolutionConfigurationPlatforms) = preSolution
		Debug|Any CPU = Debug|Any CPU
		Release|Any CPU = Release|Any CPU
	EndGlobalSection
	GlobalSection(ProjectConfigurationPlatforms) = postSolution
		{BD345AC6-F1DF-3D77-C2A1-61DCBDA99803}.Debug|Any CPU.ActiveCfg = Debug|Any CPU
		{BD345AC6-F1DF-3D77-C2A1-61DCBDA99803}.Debug|Any CPU.Build.0 = Debug|Any CPU
		{BD345AC6-F1DF-3D77-C2A1-61DCBDA99803}.Release|Any CPU.ActiveCfg = Release|Any CPU
		{BD345AC6-F1DF-3D77-C2A1-61DCBDA99803}.Release|Any CPU.Build.0 = Release|Any CPU
		{FAB8DF71-C0D8-1592-333A-071A3C1ED1C8}.Debug|Any CPU.ActiveCfg = Debug|Any CPU
		{FAB8DF71-C0D8-1592-333A-071A3C1ED1C8}.Debug|Any CPU.Build.0 = Debug|Any CPU
		{FAB8DF71-C0D8-1592-333A-071A3C1ED1C8}.Release|Any CPU.ActiveCfg = Release|Any CPU
		{FAB8DF71-C0D8-1592-333A-071A3C1ED1C8}.Release|Any CPU.Build.0 = Release|Any CPU
		{A18BE662-3B10-45CF-52EE-9940BEC6F62F}.Debug|Any CPU.ActiveCfg = Debug|Any CPU
		{A18BE662-3B10-45CF-52EE-9940BEC6F62F}.Debug|Any CPU.Build.0 = Debug|Any CPU
		{A18BE662-3B10-45CF-52EE-9940BEC6F62F}.Release|Any CPU.ActiveCfg = Release|Any CPU
		{A18BE662-3B10-45CF-52EE-9940BEC6F62F}.Release|Any CPU.Build.0 = Release|Any CPU
		{CA9715B1-124E-4B3A-6C3B-8EC3258D4C1E}.Debug|Any CPU.ActiveCfg = Debug|Any CPU
		{CA9715B1-124E-4B3A-6C3B-8EC3258D4C1E}.Debug|Any CPU.Build.0 = Debug|Any CPU
		{CA9715B1-124E-4B3A-6C3B-8EC3258D4C1E}.Release|Any CPU.ActiveCfg = Release|Any CPU
		{CA9715B1-124E-4B3A-6C3B-8EC3258D4C1E}.Release|Any CPU.Build.0 = Release|Any CPU
	EndGlobalSection
	GlobalSection(SolutionProperties) = preSolution
		HideSolutionNode = FALSE
	EndGlobalSection
EndGlobal
